lockfileVersion: '9.0'

settings:
  autoInstallPeers: true
  excludeLinksFromLockfile: false

importers:

  .:
    devDependencies:
      '@types/node':
        specifier: 24.13.3
        version: 24.13.3
      turbo:
        specifier: 2.10.12
        version: 2.10.12
      typescript:
        specifier: 5.9.3
        version: 5.9.3

  apps/worker:
    dependencies:
      '@creative-ai/db':
        specifier: workspace:*
        version: link:../../packages/db
      '@creative-ai/modelark-client':
        specifier: workspace:*
        version: link:../../packages/modelark-client
      '@creative-ai/shared-types':
        specifier: workspace:*
        version: link:../../packages/shared-types
      '@volcengine/tos-sdk':
        specifier: ^2.9.1
        version: 2.9.1
      bullmq:
        specifier: ^6.2.2
        version: 6.2.2(ioredis@6.0.0)
      ioredis:
        specifier: ^6.0.0
        version: 6.0.0

  packages/db:
    dependencies:
      '@prisma/client':
        specifier: 6.19.3
        version: 6.19.3(prisma@6.19.3(typescript@5.9.3))(typescript@5.9.3)
    devDependencies:
      prisma:
        specifier: 6.19.3
        version: 6.19.3(typescript@5.9.3)

  packages/modelark-client: {}

  packages/shared-types: {}

packages:

  '@ioredis/commands@2.0.0':
    resolution: {integrity: sha512-vrx0AE/T0h7cRZwfo1M39Cr+ZhZrkf0V8mQN75wucKCxCLD9l/VX6no3gFvrLqD1IlG/1LtzWovqEw3t0Vr9zg==}

  '@msgpackr-extract/msgpackr-extract-darwin-arm64@3.0.4':
    resolution: {integrity: sha512-LCkGo6JDfaBhgST7UpPWgNgLINpcpabaHfyz5OBx75nUYxBsaEPxjnyNjWpeb/xBup/682QnBfRBy2/LvPutZQ==}
    cpu: [arm64]
    os: [darwin]

  '@msgpackr-extract/msgpackr-extract-darwin-x64@3.0.4':
    resolution: {integrity: sha512-zExlW9zUJKZH/tOtVMttwjKa4Xm/3KcNjnE3dPN92uCktwavMxpgCA3MoJK/DOnTWsQgo224OaST27/mPNAf+w==}
    cpu: [x64]
    os: [darwin]

  '@msgpackr-extract/msgpackr-extract-linux-arm64@3.0.4':
    resolution: {integrity: sha512-dgX0P/9wGPJeHFBG+ZmhgE6bmtMt7NP5CRBGyyktpopdk/mW4POnrpQsSLtKI1dwpc+pPLuXHDh6vvskyQE/sw==}
    cpu: [arm64]
    os: [linux]

  '@msgpackr-extract/msgpackr-extract-linux-arm@3.0.4':
    resolution: {integrity: sha512-Tg3yX65f5GbtXLkrYEHE5oibZG9epyYWas7FogTTEJeDEF9JlXJzKgXaNhT3UXlTOeA+AfZpYZYZ0uPj7Cfquw==}
    cpu: [arm]
    os: [linux]

  '@msgpackr-extract/msgpackr-extract-linux-x64@3.0.4':
    resolution: {integrity: sha512-8TNXMEjJc3QEy7R/x1INhgiU+XakDAFUzBhaz7+Rbrs8NH5UQeHQxxmzsSBJGyV6I1jW79undiQm8tOI+D+8FQ==}
    cpu: [x64]
    os: [linux]

  '@msgpackr-extract/msgpackr-extract-win32-x64@3.0.4':
    resolution: {integrity: sha512-CmCXPQrkbwExx3j946/PtHWHbYJiCRBRDl4BlkRQcJB/YOwQxJRTpoo7aTsortjgoJ1x7opzTSxn7C+ASSLVjQ==}
    cpu: [x64]
    os: [win32]

  '@prisma/client@6.19.3':
    resolution: {integrity: sha512-mKq3jQFhjvko5LTJFHGilsuQs+W+T3Gm451NzuTDGQxwCzwXHYnIu2zGkRoW+Exq3Rob7yp2MfzSrdIiZVhrBg==}
    engines: {node: '>=18.18'}
    peerDependencies:
      prisma: '*'
      typescript: '>=5.1.0'
    peerDependenciesMeta:
      prisma:
        optional: true
      typescript:
        optional: true

  '@prisma/config@6.19.3':
    resolution: {integrity: sha512-CBPT44BjlQxEt8kiMEauji2WHTDoVBOKl7UlewXmUgBPnr/oPRZC3psci5chJnYmH0ivEIog2OU9PGWoki3DLQ==}

  '@prisma/debug@6.19.3':
    resolution: {integrity: sha512-ljkJ+SgpXNktLG0Q/n4JGYCkKf0f8oYLyjImS2I8e2q2WCfdRRtWER062ZV/ixaNP2M2VKlWXVJiGzZaUgbKZw==}

  '@prisma/engines-version@7.1.1-3.c2990dca591cba766e3b7ef5d9e8a84796e47ab7':
    resolution: {integrity: sha512-03bgb1VD5gvuumNf+7fVGBzfpJPjmqV423l/WxsWk2cNQ42JD0/SsFBPhN6z8iAvdHs07/7ei77SKu7aZfq8bA==}

  '@prisma/engines@6.19.3':
    resolution: {integrity: sha512-RSYxtlYFl5pJ8ZePgMv0lZ9IzVCOdTPOegrs2qcbAEFrBI1G33h6wyC9kjQvo0DnYEhEVY0X4LsuFHXLKQk88g==}

  '@prisma/fetch-engine@6.19.3':
    resolution: {integrity: sha512-tKtl/qco9Nt7LU5iKhpultD8O4vMCZcU2CHjNTnRrL1QvSUr5W/GcyFPjNL87GtRrwBc7ubXXD9xy4EvLvt8JA==}

  '@prisma/get-platform@6.19.3':
    resolution: {integrity: sha512-xFj1VcJ1N3MKooOQAGO0W5tsd0W2QzIvW7DD7c/8H14Zmp4jseeWAITm+w2LLoLrlhoHdPPh0NMZ8mfL6puoHA==}

  '@standard-schema/spec@1.1.0':
    resolution: {integrity: sha512-l2aFy5jALhniG5HgqrD6jXLi/rUWrKvqN/qJx6yoJsgKhblVd+iqqU4RCXavm/jPityDo5TCvKMnpjKnOriy0w==}

  '@turbo/darwin-64@2.10.12':
    resolution: {integrity: sha512-9nKgKoF6ZOUsM+or0OtNf+TTJSfGvDNP7ZFv/ZGWVwOSCkumyctQiTeHwB4UNljHTnC41AqylgbunLDHoccNrA==}
    cpu: [x64]
    os: [darwin]

  '@turbo/darwin-arm64@2.10.12':
    resolution: {integrity: sha512-H4Elb1jqTZVeIC9bbcNwjSzemZ6RegoTOVHeuV5Osirt2Z8UguTyisMEkvZjPVZgMeN9J4ERZBFad40tFnkb7w==}
    cpu: [arm64]
    os: [darwin]

  '@turbo/linux-64@2.10.12':
    resolution: {integrity: sha512-lr7KIotukvjZwEXiFSYAeOH3BWzjFVBbSzTbv0fuGFsNukYyH0+g1hB5ecqnJkgkYU+KHEMG1edOhnjiKON1wQ==}
    cpu: [x64]
    os: [android, linux]

  '@turbo/linux-arm64@2.10.12':
    resolution: {integrity: sha512-f0pZDTtvzB5SuNwuXBaKbZHUCMCukgc8nMlHEuvLmj91Fzec+MEbr3cAvGNor5htEDqZnO6Lxt9N/GPI/77oGA==}
    cpu: [arm64]
    os: [android, linux]

  '@turbo/windows-64@2.10.12':
    resolution: {integrity: sha512-SDOueJRjS/QcykWf2KCRtTLmIl5YMKsLbXkXQGhDwcTXvKXZiS5ih5lBl/gkwZIpYFjqA/rAlfMzlAFcVHNe0g==}
    cpu: [x64]
    os: [win32]

  '@turbo/windows-arm64@2.10.12':
    resolution: {integrity: sha512-0i0mVUa4kKk+/B3RwEwPMf9CB+T7ul56hn5FFHNA4VUNTOoLBEd6aNf3FaKfCatDNZ6cicCEf6if9QUTVyzzcA==}
    cpu: [arm64]
    os: [win32]

  '@types/http-proxy@1.17.17':
    resolution: {integrity: sha512-ED6LB+Z1AVylNTu7hdzuBqOgMnvG/ld6wGCG8wFnAzKX5uyW2K3WD52v0gnLCTK/VLpXtKckgWuyScYK6cSPaw==}

  '@types/node@24.13.3':
    resolution: {integrity: sha512-Dh8vAsV36ig5wa9OX4pXvMc9D3Veibfw2wix0CUwYODLD8nkj9UsLjASr49nPg+2eKzxhBV+v7L8pXvT4e639Q==}

  '@volcengine/tos-sdk@2.9.1':
    resolution: {integrity: sha512-hmrBzl7/LpJYezGWytPg6CZk5lvFgmDKUVZJLM3vwZgp3UKSZwgxFA7V0QmLnerPDRpLPAqh0bP8qUBSVHfmhA==}
    engines: {node: '>=10'}

  asynckit@0.4.0:
    resolution: {integrity: sha512-Oei9OH4tRh0YqU3GxhX79dM/mwVgvbZJaSNaRk+bshkj0S5cfHcgYakreBjrHwatXKbz+IoIdYLxrKim2MjW0Q==}

  axios-adapter-uniapp@0.1.4:
    resolution: {integrity: sha512-4je5JcWGrrTjPEJXVXJZnOkv+BsnYn/fKbQmjxzdCGFyoQw1gq3tfQ4/WhLzy+Gi9cQJl3K8EH26G7U0BK3wcw==}

  axios@0.21.4:
    resolution: {integrity: sha512-ut5vewkiu8jjGBdqpM44XxjuCjq9LAKeHVmoVfHVzy8eHgxxq8SbAVQNovDA8mVi05kP0Ea/n/UzcSHcTJQfNg==}

  axios@0.27.2:
    resolution: {integrity: sha512-t+yRIyySRTp/wua5xEr+z1q60QmLq8ABsS5O9Me1AsE5dfKqgnCFzwiCZZ/cGNd1lq4/7akDWMxdhVlucjmnOQ==}

  braces@3.0.3:
    resolution: {integrity: sha512-yQbXgO/OSZVD2IsiLlro+7Hf6Q18EJrKSEsdoMzKePKXct3gvD8oLcOQdIzGupr5Fj+EDe8gO/lxc1BzfMpxvA==}
    engines: {node: '>=8'}

  bullmq@6.2.2:
    resolution: {integrity: sha512-dwpI14djPYpG15C6Wc7c14/rw8zXXbsGWRgVLR/x8TUi/UBl5+WI6xiBVQH1jnxa3Rdf+T7nylqNui0gysMqQg==}
    engines: {node: '>=14.17.0'}
    peerDependencies:
      bullmq-otel: '>=2.0.0'
      ioredis: '>=5.0.0'
      pg: '>=8.0.0'
      redis: '>=5.0.0'
    peerDependenciesMeta:
      bullmq-otel:
        optional: true
      ioredis:
        optional: true
      pg:
        optional: true
      redis:
        optional: true

  c12@3.1.0:
    resolution: {integrity: sha512-uWoS8OU1MEIsOv8p/5a82c3H31LsWVR5qiyXVfBNOzfffjUWtPnhAb4BYI2uG2HfGmZmFjCtui5XNWaps+iFuw==}
    peerDependencies:
      magicast: ^0.3.5
    peerDependenciesMeta:
      magicast:
        optional: true

  call-bind-apply-helpers@1.0.2:
    resolution: {integrity: sha512-Sp1ablJ0ivDkSzjcaJdxEunN5/XvksFJ2sMBFfq6x0ryhQV/2b/KwFe21cMpmHtPOSij8K99/wSfoEuTObmuMQ==}
    engines: {node: '>= 0.4'}

  call-bound@1.0.4:
    resolution: {integrity: sha512-+ys997U96po4Kx/ABpBCqhA9EuxJaQWDQg7295H4hBphv3IZg0boBKuwYpt4YXp6MZ5AmZQnU/tyMTlRpaSejg==}
    engines: {node: '>= 0.4'}

  chokidar@4.0.3:
    resolution: {integrity: sha512-Qgzu8kfBvo+cA4962jnP1KkS6Dop5NS6g7R5LFYJr4b8Ub94PPQXUksCw9PvXoeXPRRddRNC5C1JQUR2SMGtnA==}
    engines: {node: '>= 14.16.0'}

  citty@0.1.6:
    resolution: {integrity: sha512-tskPPKEs8D2KPafUypv2gxwJP8h/OaJmC82QQGGDQcHvXX43xF2VDACcJVmZ0EuSxkpO9Kc4MlrA3q0+FG58AQ==}

  citty@0.2.2:
    resolution: {integrity: sha512-+6vJA3L98yv+IdfKGZHBNiGW5KHn22e/JwID0Strsz8h4S/csAu/OuICwxrg44k5MRiZHWIo8XXuJgQTriRP4w==}

  cluster-key-slot@1.1.1:
    resolution: {integrity: sha512-rwHwUfXL40Chm1r08yrhU3qpUvdVlgkKNeyeGPOxnW8/SyVDvgRaed/Uz54AqWNaTCAThlj6QAs3TZcKI0xDEw==}
    engines: {node: '>=0.10.0'}

  combined-stream@1.0.8:
    resolution: {integrity: sha512-FQN4MRfuJeHf7cBbBMJFXhKSDq+2kAArBlmRBvcvFE5BB1HZKXtSFASDhdlz9zOYwxh8lDdnvmMOe/+5cdoEdg==}
    engines: {node: '>= 0.8'}

  confbox@0.2.4:
    resolution: {integrity: sha512-ysOGlgTFbN2/Y6Cg3Iye8YKulHw+R2fNXHrgSmXISQdMnomY6eNDprVdW9R5xBguEqI954+S6709UyiO7B+6OQ==}

  consola@3.4.2:
    resolution: {integrity: sha512-5IKcdX0nnYavi6G7TtOhwkYzyjfJlatbjMjuLSfE2kYT5pMDOilZ4OvMhi637CcDICTmz3wARPoyhqyX1Y+XvA==}
    engines: {node: ^14.18.0 || >=16.10.0}

  cron-parser@5.10.0:
    resolution: {integrity: sha512-izNAxJyRWUP8ljBoDSub5WyrVOUlT4SLGShswE7eoRBpp6QUsSycYxLBMJlbshgPBMcPT/nrfgjNY2918ayv2A==}
    engines: {node: '>=18'}

  crypto-js@4.2.0:
    resolution: {integrity: sha512-KALDyEYgpY+Rlob/iriUtjV6d5Eq+Y191A5g4UqLAi8CyGP9N1+FdVbkc1SxKc2r4YAYqG8JzO2KGL+AizD70Q==}
    deprecated: Active development of CryptoJS has been discontinued. This library is no longer maintained.

  debug@4.4.3:
    resolution: {integrity: sha512-RGwwWnwQvkVfavKVt22FGLw+xYSdzARwm0ru6DhTVA3umU5hZc28V3kO4stgYryrTlLpuvgI9GiijltAjNbcqA==}
    engines: {node: '>=6.0'}
    peerDependencies:
      supports-color: '*'
    peerDependenciesMeta:
      supports-color:
        optional: true

  deepmerge-ts@7.1.5:
    resolution: {integrity: sha512-HOJkrhaYsweh+W+e74Yn7YStZOilkoPb6fycpwNLKzSPtruFs48nYis0zy5yJz1+ktUhHxoRDJ27RQAWLIJVJw==}
    engines: {node: '>=16.0.0'}

  defu@6.1.7:
    resolution: {integrity: sha512-7z22QmUWiQ/2d0KkdYmANbRUVABpZ9SNYyH5vx6PZ+nE5bcC0l7uFvEfHlyld/HcGBFTL536ClDt3DEcSlEJAQ==}

  delayed-stream@1.0.0:
    resolution: {integrity: sha512-ZySD7Nf91aLB0RxL4KGrKHBXl7Eds1DAmEdcoVawXnLD7SDhpNgtuII2aAkg7a7QS41jxPSZ17p4VdGnMHk3MQ==}
    engines: {node: '>=0.4.0'}

  denque@2.1.0:
    resolution: {integrity: sha512-HVQE3AAb/pxF8fQAoiqpvg9i3evqug3hoiwakOyZAwJm+6vZehbkYXZ0l4JxS+I3QxM97v5aaRNhj8v5oBhekw==}
    engines: {node: '>=0.10'}

  destr@2.0.5:
    resolution: {integrity: sha512-ugFTXCtDZunbzasqBxrK93Ik/DRYsO6S/fedkWEMKqt04xZ4csmnmwGDBAb07QWNaGMAmnTIemsYZCksjATwsA==}

  detect-libc@2.1.2:
    resolution: {integrity: sha512-Btj2BOOO83o3WyH59e8MgXsxEQVcarkUOpEYrubB0urwnN10yQ364rsiByU11nZlqWYZm05i/of7io4mzihBtQ==}
    engines: {node: '>=8'}

  dotenv@16.6.1:
    resolution: {integrity: sha512-uBq4egWHTcTt33a72vpSG0z3HnPuIl6NqYcTrKEg2azoEyl2hpW0zqlxysq2pK9HlDIHyHyakeYaYnSAwd8bow==}
    engines: {node: '>=12'}

  dunder-proto@1.0.1:
    resolution: {integrity: sha512-KIN/nDJBQRcXw0MLVhZE9iQHmG68qAVIBg9CqmUYjmQIhgij9U5MFvrqkUL5FbtyyzZuOeOt0zdeRe4UY7ct+A==}
    engines: {node: '>= 0.4'}

  effect@3.21.0:
    resolution: {integrity: sha512-PPN80qRokCd1f015IANNhrwOnLO7GrrMQfk4/lnZRE/8j7UPWrNNjPV0uBrZutI/nHzernbW+J0hdqQysHiSnQ==}

  empathic@2.0.0:
    resolution: {integrity: sha512-i6UzDscO/XfAcNYD75CfICkmfLedpyPDdozrLMmQc5ORaQcdMoc21OnlEylMIqI7U8eniKrPMxxtj8k0vhmJhA==}
    engines: {node: '>=14'}

  es-define-property@1.0.1:
    resolution: {integrity: sha512-e3nRfgfUZ4rNGL232gUgX06QNyyez04KdjFrF+LTRoOXmrOgFKDg4BCdsjW8EnT69eqdYGmRpJwiPVYNrCaW3g==}
    engines: {node: '>= 0.4'}

  es-errors@1.3.0:
    resolution: {integrity: sha512-Zf5H2Kxt2xjTvbJvP2ZWLEICxA6j+hAmMzIlypy4xcBg1vKVnx89Wy0GbS+kf5cwCVFFzdCFh2XSCFNULS6csw==}
    engines: {node: '>= 0.4'}

  es-object-atoms@1.1.2:
    resolution: {integrity: sha512-HWcBoN6NileqtSydK2FqHbS/LoDd2pqrnQHLyJzBj4kOp/ky2MWMN694xOfkK8/SnUsW2DH7EfyVlydKCsm1Zw==}
    engines: {node: '>= 0.4'}

  es-set-tostringtag@2.1.0:
    resolution: {integrity: sha512-j6vWzfrGVfyXxge+O0x5sh6cvxAog0a/4Rdd2K36zCMV5eJ+/+tOAngRO8cODMNWbVRdVlmGZQL2YS3yR8bIUA==}
    engines: {node: '>= 0.4'}

  eventemitter3@4.0.7:
    resolution: {integrity: sha512-8guHBZCwKnFhYdHr2ysuRWErTwhoN2X8XELRlrRwpmfeY2jjuUN4taQMsULKUVo1K4DvZl+0pgfyoysHxvmvEw==}

  exsolve@1.1.1:
    resolution: {integrity: sha512-9U/jZUgjnSGyntRr6y5Muu1MJcwFl6kPu7k8qLF0IMNfLqvw0NZ4nnVDq0RVoZ0RvCyumib4Ez3KYrVfilrw+g==}

  fast-check@3.23.2:
    resolution: {integrity: sha512-h5+1OzzfCC3Ef7VbtKdcv7zsstUQwUDlYpUTvjeUsJAssPgLn7QzbboPtL5ro04Mq0rPOsMzl7q5hIbRs2wD1A==}
    engines: {node: '>=8.0.0'}

  fill-range@7.1.1:
    resolution: {integrity: sha512-YsGpe3WHLK8ZYi4tWDg2Jy3ebRz2rXowDxnld4bkQB00cc/1Zw9AWnC0i9ztDJitivtQvaI9KaLyKrc+hBW0yg==}
    engines: {node: '>=8'}

  follow-redirects@1.16.0:
    resolution: {integrity: sha512-y5rN/uOsadFT/JfYwhxRS5R7Qce+g3zG97+JrtFZlC9klX/W5hD7iiLzScI4nZqUS7DNUdhPgw4xI8W2LuXlUw==}
    engines: {node: '>=4.0'}
    peerDependencies:
      debug: '*'
    peerDependenciesMeta:
      debug:
        optional: true

  form-data@4.0.6:
    resolution: {integrity: sha512-vKatAh4SlVfgbv+YtmhiRjhEMJsYpsG1Y2rMQtR+SVSbytsSD1YGzDIcrAJmdFec88u/+VoGmxnl+80gL1tRCQ==}
    engines: {node: '>= 6'}

  function-bind@1.1.2:
    resolution: {integrity: sha512-7XHNxH7qX9xG5mIwxkhumTox/MIRNcOgDrxWsMt2pAr23WHp6MrRlN7FBSFpCpr+oVO0F744iUgR82nJMfG2SA==}

  get-intrinsic@1.3.0:
    resolution: {integrity: sha512-9fSjSaos/fRIVIp+xSJlE6lfwhES7LNtKaCBIamHsjr2na1BiABJPo0mOjjz8GJDURarmCPGqaiVg5mfjb98CQ==}
    engines: {node: '>= 0.4'}

  get-proto@1.0.1:
    resolution: {integrity: sha512-sTSfBjoXBp89JvIKIefqw7U2CCebsc74kiY6awiGogKtoSGbgjYE/G/+l9sF3MWFPNc9IcoOC4ODfKHfxFmp0g==}
    engines: {node: '>= 0.4'}

  giget@2.0.0:
    resolution: {integrity: sha512-L5bGsVkxJbJgdnwyuheIunkGatUF/zssUoxxjACCseZYAVbaqdh9Tsmmlkl8vYan09H7sbvKt4pS8GqKLBrEzA==}
    hasBin: true

  gopd@1.2.0:
    resolution: {integrity: sha512-ZUKRh6/kUFoAiTAtTYPZJ3hw9wNxx+BIBOijnlG9PnrJsCcSjs1wyyD6vJpaYtgnzDrKYRSqf3OO6Rfa93xsRg==}
    engines: {node: '>= 0.4'}

  has-symbols@1.1.0:
    resolution: {integrity: sha512-1cDNdwJ2Jaohmb3sg4OmKaMBwuC48sYni5HUw2DvsC8LjGTLK9h+eb1X6RyuOHe4hT0ULCW68iomhjUoKUqlPQ==}
    engines: {node: '>= 0.4'}

  has-tostringtag@1.0.2:
    resolution: {integrity: sha512-NqADB8VjPFLM2V0VvHUewwwsw0ZWBaIdgo+ieHtK3hasLz4qeCRjYcqfB6AQrBggRKppKF8L52/VqdVsO47Dlw==}
    engines: {node: '>= 0.4'}

  hasown@2.0.4:
    resolution: {integrity: sha512-T2UbfbBEF32wiepXIsMlTW9+dDYC6wMh/t/vYA4tuOMKqWz/n3vr1NFSxQiyP+zk2mXsoMA/i/7qV6LKut1t1A==}
    engines: {node: '>= 0.4'}

  http-proxy-middleware@2.0.10:
    resolution: {integrity: sha512-RKzRWNPxUZqbuk3BC5mGVJbBnWgr+diEnjJexIOytFbBzDy88Fbh/YvBr3DsNrl1jYAfjWfpATEv0NO35FDuPQ==}
    engines: {node: '>=12.0.0'}
    peerDependencies:
      '@types/express': ^4.17.13
    peerDependenciesMeta:
      '@types/express':
        optional: true

  http-proxy@1.18.1:
    resolution: {integrity: sha512-7mz/721AbnJwIVbnaSv1Cz3Am0ZLT/UBwkC92VlxhXv/k/BBQfM2fXElQNC27BVGr0uwUpplYPQM9LnaBMR5NQ==}
    engines: {node: '>=8.0.0'}

  ioredis@6.0.0:
    resolution: {integrity: sha512-f+Dtubxfpf6KYFq7WVXJoOLn0bk4TJrMrN9SzeE+jrWrCWj7XX3fA6vkryafhADX+GMymRxgDJDOI33COkJc0w==}
    engines: {node: '>=20.0.0'}

  is-extglob@2.1.1:
    resolution: {integrity: sha512-SbKbANkN603Vi4jEZv49LeVJMn4yGwsbzZworEoyEiutsN3nJYdbO36zfhGJ6QEDpOZIFkDtnq5JRxmvl3jsoQ==}
    engines: {node: '>=0.10.0'}

  is-glob@4.0.3:
    resolution: {integrity: sha512-xelSayHH36ZgE7ZWhli7pW34hNbNl8Ojv5KVmkJD4hBdD3th8Tfk9vYasLM+mXWOZhFkgZfxhLSnrwRr4elSSg==}
    engines: {node: '>=0.10.0'}

  is-number@7.0.0:
    resolution: {integrity: sha512-41Cifkg6e8TylSpdtTpeLVMqvSBEVzTttHvERD741+pnZ8ANv0004MRL43QKPDlK9cGvNp6NZWZUBlbGXYxxng==}
    engines: {node: '>=0.12.0'}

  is-plain-obj@3.0.0:
    resolution: {integrity: sha512-gwsOE28k+23GP1B6vFl1oVh/WOzmawBrKwo5Ev6wMKzPkaXaCDIQKzLnvsA42DRlbVTWorkgTKIviAKCWkfUwA==}
    engines: {node: '>=10'}

  jiti@2.7.0:
    resolution: {integrity: sha512-AC/7JofJvZGrrneWNaEnJeOLUx+JlGt7tNa0wZiRPT4MY1wmfKjt2+6O2p2uz2+skll8OZZmJMNqeke7kKbNgQ==}
    hasBin: true

  lodash@4.18.1:
    resolution: {integrity: sha512-dMInicTPVE8d1e5otfwmmjlxkZoUpiVLwyeTdUsi/Caj/gfzzblBcCE5sRHV/AsjuCmxWrte2TNGSYuCeCq+0Q==}

  luxon@3.7.2:
    resolution: {integrity: sha512-vtEhXh/gNjI9Yg1u4jX/0YVPMvxzHuGgCm6tC5kZyb08yjGWGnqAjGJvcXbqQR2P3MyMEFnRbpcdFS6PBcLqew==}
    engines: {node: '>=12'}

  math-intrinsics@1.1.0:
    resolution: {integrity: sha512-/IXtbwEk5HTPyEwyKX6hGkYXxM9nbj64B+ilVJnC/R6B0pH5G4V3b0pVbL7DBj4tkhBAppbQUlf6F6Xl9LHu1g==}
    engines: {node: '>= 0.4'}

  micromatch@4.0.8:
    resolution: {integrity: sha512-PXwfBhYu0hBCPw8Dn0E+WDYb7af3dSLVWKi3HGv84IdF4TyFoC0ysxFd0Goxw7nSv4T/PzEJQxsYsEiFCKo2BA==}
    engines: {node: '>=8.6'}

  mime-db@1.52.0:
    resolution: {integrity: sha512-sPU4uV7dYlvtWJxwwxHD0PuihVNiE7TyAbQ5SWxDCB9mUYvOgroQOwYQQOKPJ8CIbE+1ETVlOoK1UC2nU3gYvg==}
    engines: {node: '>= 0.6'}

  mime-types@2.1.35:
    resolution: {integrity: sha512-ZDY+bPm5zTTF+YpCrAU9nK0UgICYPT0QtT1NZWFv4s++TNkcgVaT0g6+4R2uI4MjQjzysHB1zxuWL50hzaeXiw==}
    engines: {node: '>= 0.6'}

  ms@2.1.3:
    resolution: {integrity: sha512-6FlzubTLZG3J2a/NVCAleEhjzq5oxgHyaCU9yYXvcLsvoVaHJq/s5xXI6/XXP6tz7R9xAOtHnSO/tXtF3WRTlA==}

  msgpackr-extract@3.0.4:
    resolution: {integrity: sha512-4kmO/MdyUIkLIvTPr8VHLil4AtoKIoniWPIEk5+CDy0xnWC84azhSFmuJ7PxZdsYtiP5kEeQsORAVIeMgxT+Hw==}
    hasBin: true

  msgpackr@2.0.5:
    resolution: {integrity: sha512-cef05H/dSYpLpqp3sj/qyZh5vhUYCalnaLO7j1yOmpsR0y/XwLVtK7r5gn+U/F7CTEfMowcGhlUQJDLcLf7jcA==}

  node-abort-controller@3.1.1:
    resolution: {integrity: sha512-AGK2yQKIjRuqnc6VkX2Xj5d+QW8xZ87pa1UK6yA6ouUyuxfHuMP6umE5QK7UmTeOAymo+Zx1Fxiuw9rVx8taHQ==}

  node-fetch-native@1.6.7:
    resolution: {integrity: sha512-g9yhqoedzIUm0nTnTqAQvueMPVOuIY16bqgAJJC8XOOubYFNwz6IER9qs0Gq2Xd0+CecCKFjtdDTMA4u4xG06Q==}

  node-gyp-build-optional-packages@5.2.2:
    resolution: {integrity: sha512-s+w+rBWnpTMwSFbaE0UXsRlg7hU4FjekKU4eyAih5T8nJuNZT1nNsskXpxmeqSK9UzkBl6UgRlnKc8hz8IEqOw==}
    hasBin: true

  nypm@0.6.9:
    resolution: {integrity: sha512-zxlE2yvSWZWmHcNdT3+5zV2lrCogeE9YOklHrR3dFjqutq5wO7GFDYLFDRXLsYnJzwvy/im9fYoxePvS0VTW0w==}
    engines: {node: '>=18'}
    hasBin: true

  object-inspect@1.13.4:
    resolution: {integrity: sha512-W67iLl4J2EXEGTbfeHCffrjDfitvLANg0UlX3wFUUSTx92KXRFegMHUVgSqE+wvhAbi4WqjGg9czysTV2Epbew==}
    engines: {node: '>= 0.4'}

  ohash@2.0.12:
    resolution: {integrity: sha512-65S/5gk9YSsaRjcyf7Nfa6h/d3E8/1gslpXfI4W7Dxn/oap8IKRuNT5VXkLQ1YFKIEg4apRY4Pj6aiwFzrDdmw==}

  pathe@2.0.3:
    resolution: {integrity: sha512-WUjGcAqP1gQacoQe+OBJsFA7Ld4DyXuUIjZ5cc75cLHvJ7dtNsTugphxIADwspS+AraAUePCKrSVtPLFj/F88w==}

  perfect-debounce@1.0.0:
    resolution: {integrity: sha512-xCy9V055GLEqoFaHoC1SoLIaLmWctgCUaBaWxDZ7/Zx4CTyX7cJQLJOok/orfjZAh9kEYpjJa4d0KcJmCbctZA==}

  picomatch@2.3.2:
    resolution: {integrity: sha512-V7+vQEJ06Z+c5tSye8S+nHUfI51xoXIXjHQ99cQtKUkQqqO1kO/KCJUfZXuB47h/YBlDhah2H3hdUGXn8ie0oA==}
    engines: {node: '>=8.6'}

  pkg-types@2.3.1:
    resolution: {integrity: sha512-y+ichcgc2LrADuhLNAx8DFjVfgz91pRxfZdI3UDhxHvcVEZsenLO+7XaU5vOp0u/7V/wZ+plyuQxtrDlZJ+yeg==}

  prisma@6.19.3:
    resolution: {integrity: sha512-++ZJ0ijLrDJF6hNB4t4uxg2br3fC4H9Yc9tcbjr2fcNFP3rh/SBNrAgjhsqBU4Ght8JPrVofG/ZkXfnSfnYsFg==}
    engines: {node: '>=18.18'}
    hasBin: true
    peerDependencies:
      typescript: '>=5.1.0'
    peerDependenciesMeta:
      typescript:
        optional: true

  pure-rand@6.1.0:
    resolution: {integrity: sha512-bVWawvoZoBYpp6yIoQtQXHZjmz35RSVHnUOTefl8Vcjr8snTPY1wnpSPMWekcFwbxI6gtmT7rSYPFvz71ldiOA==}

  qs@6.15.3:
    resolution: {integrity: sha512-O9gl3zCl5h5blw1KGUzQKhA5oUXSl8rwUIM5o0S3nCXMliSvy5Dzx7/DJcI+SwgICv+IneSZwhBh1oSyEHA71A==}
    engines: {node: '>=0.6'}

  rc9@2.1.2:
    resolution: {integrity: sha512-btXCnMmRIBINM2LDZoEmOogIZU7Qe7zn4BpomSKZ/ykbLObuBdvG+mFq11DL6fjH1DRwHhrlgtYWG96bJiC7Cg==}

  readdirp@4.1.2:
    resolution: {integrity: sha512-GDhwkLfywWL2s6vEjyhri+eXmfH6j1L7JE27WhqLeYzoh/A3DBaYGEj2H/HFZCn/kMfim73FXxEJTw06WtxQwg==}
    engines: {node: '>= 14.18.0'}

  redis-errors@1.2.0:
    resolution: {integrity: sha512-1qny3OExCf0UvUV/5wpYKf2YwPcOqXzkwKKSmKHiE6ZMQs5heeE/c8eXK+PNllPvmjgAbfnsbpkGZWy8cBpn9w==}
    engines: {node: '>=4'}

  requires-port@1.0.0:
    resolution: {integrity: sha512-KigOCHcocU3XODJxsu8i/j8T9tzT4adHiecwORRQ0ZZFcp7ahwXuRU1m+yuO90C5ZUyGeGfocHDI14M3L3yDAQ==}

  semver@7.8.5:
    resolution: {integrity: sha512-Y7/KDsb8LjooZpwaqGyulO6DQlksgCncchHGk+sZIY4SBvUocMBEFH5Ur1fI4dV+Jvl0w6cjvucaIi40puRioA==}
    engines: {node: '>=10'}
    hasBin: true

  side-channel-list@1.0.1:
    resolution: {integrity: sha512-mjn/0bi/oUURjc5Xl7IaWi/OJJJumuoJFQJfDDyO46+hBWsfaVM65TBHq2eoZBhzl9EchxOijpkbRC8SVBQU0w==}
    engines: {node: '>= 0.4'}

  side-channel-map@1.0.1:
    resolution: {integrity: sha512-VCjCNfgMsby3tTdo02nbjtM/ewra6jPHmpThenkTYh8pG9ucZ/1P8So4u4FGBek/BjpOVsDCMoLA/iuBKIFXRA==}
    engines: {node: '>= 0.4'}

  side-channel-weakmap@1.0.2:
    resolution: {integrity: sha512-WPS/HvHQTYnHisLo9McqBHOJk2FkHO/tlpvldyrnem4aeQp4hai3gythswg6p01oSoTl58rcpiFAjF2br2Ak2A==}
    engines: {node: '>= 0.4'}

  side-channel@1.1.1:
    resolution: {integrity: sha512-6x6dK6zJdpTzF4sQeNYxwtvBzf6Eg4GtlesS94HOvTudUeyK2WXAaIfmDgsyslYrRBeFIlsi54AYsFGUuhmvrQ==}
    engines: {node: '>= 0.4'}

  standard-as-callback@2.1.0:
    resolution: {integrity: sha512-qoRRSyROncaz1z0mvYqIE4lCd9p2R90i6GxW3uZv5ucSu8tU7B5HXUP1gG8pVZsYNVaXjk8ClXHPttLyxAL48A==}

  tinyexec@1.3.0:
    resolution: {integrity: sha512-QKAl9m8gWWGHV8jZcPeym6j+XULi6tOf1mT83WYJ4Lk2ytW/uwAWkrP0uFsdoYMdueVJ0qs26wZ+23xeB4ibNQ==}
    engines: {node: '>=18'}

  to-regex-range@5.0.1:
    resolution: {integrity: sha512-65P7iz6X5yEr1cwcgvQxbbIw7Uk3gOy5dIdtZ4rDveLqhrdJP+Li/Hx6tyK0NEb+2GCyneCMJiGqrADCSNk8sQ==}
    engines: {node: '>=8.0'}

  tos-crc64-js@0.0.1:
    resolution: {integrity: sha512-l2Ndi9BaDH3gmAJ5VIS/1WeqFcucK41WCbw5dije24k2XtUCclYfvhntWIVHe+0S85QcED4vjqm3AO1izlQ30g==}

  tslib@2.8.1:
    resolution: {integrity: sha512-oJFu94HQb+KVduSUQL7wnpmqnfmLsOA/nAh6b6EH0wCEoK0/mPeXU6c3wKDV83MkOuHPRHtSXKKU99IBazS/2w==}

  turbo@2.10.12:
    resolution: {integrity: sha512-AswgMPnpOoaVZHrrSBejETzEbuIA69OVGwfkHwfrY0A23VjWXBANzgq9+OymWOHAIArB7D1+1z498WY8fGg1Jw==}
    hasBin: true

  type-fest@1.4.0:
    resolution: {integrity: sha512-yGSza74xk0UG8k+pLh5oeoYirvIiWo5t0/o3zHHAO2tRDiZcxWP7fywNlXhqb6/r6sWvwi+RsyQMWhVLe4BVuA==}
    engines: {node: '>=10'}

  typescript@5.9.3:
    resolution: {integrity: sha512-jl1vZzPDinLr9eUt3J/t7V6FgNEw9QjvBPdysz9KfQDD41fQrC2Y4vKQdiaUpFT4bXlb1RHhLpp8wtm6M5TgSw==}
    engines: {node: '>=14.17'}
    hasBin: true

  undici-types@7.18.2:
    resolution: {integrity: sha512-AsuCzffGHJybSaRrmr5eHr81mwJU3kjw6M+uprWvCXiNeN9SOGwQ3Jn8jb8m3Z6izVgknn1R0FTCEAP2QrLY/w==}

snapshots:

  '@ioredis/commands@2.0.0': {}

  '@msgpackr-extract/msgpackr-extract-darwin-arm64@3.0.4':
    optional: true

  '@msgpackr-extract/msgpackr-extract-darwin-x64@3.0.4':
    optional: true

  '@msgpackr-extract/msgpackr-extract-linux-arm64@3.0.4':
    optional: true

  '@msgpackr-extract/msgpackr-extract-linux-arm@3.0.4':
    optional: true

  '@msgpackr-extract/msgpackr-extract-linux-x64@3.0.4':
    optional: true

  '@msgpackr-extract/msgpackr-extract-win32-x64@3.0.4':
    optional: true

  '@prisma/client@6.19.3(prisma@6.19.3(typescript@5.9.3))(typescript@5.9.3)':
    optionalDependencies:
      prisma: 6.19.3(typescript@5.9.3)
      typescript: 5.9.3

  '@prisma/config@6.19.3':
    dependencies:
      c12: 3.1.0
      deepmerge-ts: 7.1.5
      effect: 3.21.0
      empathic: 2.0.0
    transitivePeerDependencies:
      - magicast

  '@prisma/debug@6.19.3': {}

  '@prisma/engines-version@7.1.1-3.c2990dca591cba766e3b7ef5d9e8a84796e47ab7': {}

  '@prisma/engines@6.19.3':
    dependencies:
      '@prisma/debug': 6.19.3
      '@prisma/engines-version': 7.1.1-3.c2990dca591cba766e3b7ef5d9e8a84796e47ab7
      '@prisma/fetch-engine': 6.19.3
      '@prisma/get-platform': 6.19.3

  '@prisma/fetch-engine@6.19.3':
    dependencies:
      '@prisma/debug': 6.19.3
      '@prisma/engines-version': 7.1.1-3.c2990dca591cba766e3b7ef5d9e8a84796e47ab7
      '@prisma/get-platform': 6.19.3

  '@prisma/get-platform@6.19.3':
    dependencies:
      '@prisma/debug': 6.19.3

  '@standard-schema/spec@1.1.0': {}

  '@turbo/darwin-64@2.10.12':
    optional: true

  '@turbo/darwin-arm64@2.10.12':
    optional: true

  '@turbo/linux-64@2.10.12':
    optional: true

  '@turbo/linux-arm64@2.10.12':
    optional: true

  '@turbo/windows-64@2.10.12':
    optional: true

  '@turbo/windows-arm64@2.10.12':
    optional: true

  '@types/http-proxy@1.17.17':
    dependencies:
      '@types/node': 24.13.3

  '@types/node@24.13.3':
    dependencies:
      undici-types: 7.18.2

  '@volcengine/tos-sdk@2.9.1':
    dependencies:
      axios: 0.21.4(debug@4.4.3)
      axios-adapter-uniapp: 0.1.4(debug@4.4.3)
      crypto-js: 4.2.0
      debug: 4.4.3
      http-proxy-middleware: 2.0.10(debug@4.4.3)
      lodash: 4.18.1
      qs: 6.15.3
      tos-crc64-js: 0.0.1
      type-fest: 1.4.0
    transitivePeerDependencies:
      - '@types/express'
      - supports-color

  asynckit@0.4.0: {}

  axios-adapter-uniapp@0.1.4(debug@4.4.3):
    dependencies:
      axios: 0.27.2(debug@4.4.3)
    transitivePeerDependencies:
      - debug

  axios@0.21.4(debug@4.4.3):
    dependencies:
      follow-redirects: 1.16.0(debug@4.4.3)
    transitivePeerDependencies:
      - debug

  axios@0.27.2(debug@4.4.3):
    dependencies:
      follow-redirects: 1.16.0(debug@4.4.3)
      form-data: 4.0.6
    transitivePeerDependencies:
      - debug

  braces@3.0.3:
    dependencies:
      fill-range: 7.1.1

  bullmq@6.2.2(ioredis@6.0.0):
    dependencies:
      cron-parser: 5.10.0
      msgpackr: 2.0.5
      node-abort-controller: 3.1.1
      semver: 7.8.5
      tslib: 2.8.1
    optionalDependencies:
      ioredis: 6.0.0

  c12@3.1.0:
    dependencies:
      chokidar: 4.0.3
      confbox: 0.2.4
      defu: 6.1.7
      dotenv: 16.6.1
      exsolve: 1.1.1
      giget: 2.0.0
      jiti: 2.7.0
      ohash: 2.0.12
      pathe: 2.0.3
      perfect-debounce: 1.0.0
      pkg-types: 2.3.1
      rc9: 2.1.2

  call-bind-apply-helpers@1.0.2:
    dependencies:
      es-errors: 1.3.0
      function-bind: 1.1.2

  call-bound@1.0.4:
    dependencies:
      call-bind-apply-helpers: 1.0.2
      get-intrinsic: 1.3.0

  chokidar@4.0.3:
    dependencies:
      readdirp: 4.1.2

  citty@0.1.6:
    dependencies:
      consola: 3.4.2

  citty@0.2.2: {}

  cluster-key-slot@1.1.1: {}

  combined-stream@1.0.8:
    dependencies:
      delayed-stream: 1.0.0

  confbox@0.2.4: {}

  consola@3.4.2: {}

  cron-parser@5.10.0:
    dependencies:
      luxon: 3.7.2

  crypto-js@4.2.0: {}

  debug@4.4.3:
    dependencies:
      ms: 2.1.3

  deepmerge-ts@7.1.5: {}

  defu@6.1.7: {}

  delayed-stream@1.0.0: {}

  denque@2.1.0: {}

  destr@2.0.5: {}

  detect-libc@2.1.2:
    optional: true

  dotenv@16.6.1: {}

  dunder-proto@1.0.1:
    dependencies:
      call-bind-apply-helpers: 1.0.2
      es-errors: 1.3.0
      gopd: 1.2.0

  effect@3.21.0:
    dependencies:
      '@standard-schema/spec': 1.1.0
      fast-check: 3.23.2

  empathic@2.0.0: {}

  es-define-property@1.0.1: {}

  es-errors@1.3.0: {}

  es-object-atoms@1.1.2:
    dependencies:
      es-errors: 1.3.0

  es-set-tostringtag@2.1.0:
    dependencies:
      es-errors: 1.3.0
      get-intrinsic: 1.3.0
      has-tostringtag: 1.0.2
      hasown: 2.0.4

  eventemitter3@4.0.7: {}

  exsolve@1.1.1: {}

  fast-check@3.23.2:
    dependencies:
      pure-rand: 6.1.0

  fill-range@7.1.1:
    dependencies:
      to-regex-range: 5.0.1

  follow-redirects@1.16.0(debug@4.4.3):
    optionalDependencies:
      debug: 4.4.3

  form-data@4.0.6:
    dependencies:
      asynckit: 0.4.0
      combined-stream: 1.0.8
      es-set-tostringtag: 2.1.0
      hasown: 2.0.4
      mime-types: 2.1.35

  function-bind@1.1.2: {}

  get-intrinsic@1.3.0:
    dependencies:
      call-bind-apply-helpers: 1.0.2
      es-define-property: 1.0.1
      es-errors: 1.3.0
      es-object-atoms: 1.1.2
      function-bind: 1.1.2
      get-proto: 1.0.1
      gopd: 1.2.0
      has-symbols: 1.1.0
      hasown: 2.0.4
      math-intrinsics: 1.1.0

  get-proto@1.0.1:
    dependencies:
      dunder-proto: 1.0.1
      es-object-atoms: 1.1.2

  giget@2.0.0:
    dependencies:
      citty: 0.1.6
      consola: 3.4.2
      defu: 6.1.7
      node-fetch-native: 1.6.7
      nypm: 0.6.9
      pathe: 2.0.3

  gopd@1.2.0: {}

  has-symbols@1.1.0: {}

  has-tostringtag@1.0.2:
    dependencies:
      has-symbols: 1.1.0

  hasown@2.0.4:
    dependencies:
      function-bind: 1.1.2

  http-proxy-middleware@2.0.10(debug@4.4.3):
    dependencies:
      '@types/http-proxy': 1.17.17
      http-proxy: 1.18.1(debug@4.4.3)
      is-glob: 4.0.3
      is-plain-obj: 3.0.0
      micromatch: 4.0.8
    transitivePeerDependencies:
      - debug

  http-proxy@1.18.1(debug@4.4.3):
    dependencies:
      eventemitter3: 4.0.7
      follow-redirects: 1.16.0(debug@4.4.3)
      requires-port: 1.0.0
    transitivePeerDependencies:
      - debug

  ioredis@6.0.0:
    dependencies:
      '@ioredis/commands': 2.0.0
      cluster-key-slot: 1.1.1
      debug: 4.4.3
      denque: 2.1.0
      redis-errors: 1.2.0
      standard-as-callback: 2.1.0
    transitivePeerDependencies:
      - supports-color

  is-extglob@2.1.1: {}

  is-glob@4.0.3:
    dependencies:
      is-extglob: 2.1.1

  is-number@7.0.0: {}

  is-plain-obj@3.0.0: {}

  jiti@2.7.0: {}

  lodash@4.18.1: {}

  luxon@3.7.2: {}

  math-intrinsics@1.1.0: {}

  micromatch@4.0.8:
    dependencies:
      braces: 3.0.3
      picomatch: 2.3.2

  mime-db@1.52.0: {}

  mime-types@2.1.35:
    dependencies:
      mime-db: 1.52.0

  ms@2.1.3: {}

  msgpackr-extract@3.0.4:
    dependencies:
      node-gyp-build-optional-packages: 5.2.2
    optionalDependencies:
      '@msgpackr-extract/msgpackr-extract-darwin-arm64': 3.0.4
      '@msgpackr-extract/msgpackr-extract-darwin-x64': 3.0.4
      '@msgpackr-extract/msgpackr-extract-linux-arm': 3.0.4
      '@msgpackr-extract/msgpackr-extract-linux-arm64': 3.0.4
      '@msgpackr-extract/msgpackr-extract-linux-x64': 3.0.4
      '@msgpackr-extract/msgpackr-extract-win32-x64': 3.0.4
    optional: true

  msgpackr@2.0.5:
    optionalDependencies:
      msgpackr-extract: 3.0.4

  node-abort-controller@3.1.1: {}

  node-fetch-native@1.6.7: {}

  node-gyp-build-optional-packages@5.2.2:
    dependencies:
      detect-libc: 2.1.2
    optional: true

  nypm@0.6.9:
    dependencies:
      citty: 0.2.2
      pathe: 2.0.3
      tinyexec: 1.3.0

  object-inspect@1.13.4: {}

  ohash@2.0.12: {}

  pathe@2.0.3: {}

  perfect-debounce@1.0.0: {}

  picomatch@2.3.2: {}

  pkg-types@2.3.1:
    dependencies:
      confbox: 0.2.4
      exsolve: 1.1.1
      pathe: 2.0.3

  prisma@6.19.3(typescript@5.9.3):
    dependencies:
      '@prisma/config': 6.19.3
      '@prisma/engines': 6.19.3
    optionalDependencies:
      typescript: 5.9.3
    transitivePeerDependencies:
      - magicast

  pure-rand@6.1.0: {}

  qs@6.15.3:
    dependencies:
      es-define-property: 1.0.1
      side-channel: 1.1.1

  rc9@2.1.2:
    dependencies:
      defu: 6.1.7
      destr: 2.0.5

  readdirp@4.1.2: {}

  redis-errors@1.2.0: {}

  requires-port@1.0.0: {}

  semver@7.8.5: {}

  side-channel-list@1.0.1:
    dependencies:
      es-errors: 1.3.0
      object-inspect: 1.13.4

  side-channel-map@1.0.1:
    dependencies:
      call-bound: 1.0.4
      es-errors: 1.3.0
      get-intrinsic: 1.3.0
      object-inspect: 1.13.4

  side-channel-weakmap@1.0.2:
    dependencies:
      call-bound: 1.0.4
      es-errors: 1.3.0
      get-intrinsic: 1.3.0
      object-inspect: 1.13.4
      side-channel-map: 1.0.1

  side-channel@1.1.1:
    dependencies:
      es-errors: 1.3.0
      object-inspect: 1.13.4
      side-channel-list: 1.0.1
      side-channel-map: 1.0.1
      side-channel-weakmap: 1.0.2

  standard-as-callback@2.1.0: {}

  tinyexec@1.3.0: {}

  to-regex-range@5.0.1:
    dependencies:
      is-number: 7.0.0

  tos-crc64-js@0.0.1: {}

  tslib@2.8.1: {}

  turbo@2.10.12:
    optionalDependencies:
      '@turbo/darwin-64': 2.10.12
      '@turbo/darwin-arm64': 2.10.12
      '@turbo/linux-64': 2.10.12
      '@turbo/linux-arm64': 2.10.12
      '@turbo/windows-64': 2.10.12
      '@turbo/windows-arm64': 2.10.12

  type-fest@1.4.0: {}

  typescript@5.9.3: {}

  undici-types@7.18.2: {}
